
Microsoft Visual Studio Solution File, Format Version 12.00
# Visual Studio 15
VisualStudioVersion = 15.0.28307.136
MinimumVisualStudioVersion = 10.0.40219.1
Project("{FAE04EC0-301F-11D3-BF4B-00C04F79EFBC}") = "Framework", "Framework\Framework.csproj", "{15556E30-7CFD-4E71-B198-0102BAD8DAC7}"
EndProject
Project("{FAE04EC0-301F-11D3-BF4B-00C04F79EFBC}") = "TayotaDiller", "TayotaDiller\TayotaDiller.csproj", "{100A8859-2E8F-4FC2-B338-0D032526819C}"
EndProject
Global
	GlobalSection(SolutionConfigurationPlatforms) = preSolution
		Debug|Any CPU = Debug|Any CPU
		Release|Any CPU = Release|Any CPU
	EndGlobalSection
	GlobalSection(ProjectConfigurationPlatforms) = postSolution
		{15556E30-7CFD-4E71-B198-0102BAD8DAC7}.Debug|Any CPU.ActiveCfg = Debug|Any CPU
		{15556E30-7CFD-4E71-B198-0102BAD8DAC7}.Debug|Any CPU.Build.0 = Debug|Any CPU
		{15556E30-7CFD-4E71-B198-0102BAD8DAC7}.Release|Any CPU.ActiveCfg = Release|Any CPU
		{15556E30-7CFD-4E71-B198-0102BAD8DAC7}.Release|Any CPU.Build.0 = Release|Any CPU
		{100A8859-2E8F-4FC2-B338-0D032526819C}.Debug|Any CPU.ActiveCfg = Debug|Any CPU
		{100A8859-2E8F-4FC2-B338-0D032526819C}.Debug|Any CPU.Build.0 = Debug|Any CPU
		{100A8859-2E8F-4FC2-B338-0D032526819C}.Release|Any CPU.ActiveCfg = Release|Any CPU
		{100A8859-2E8F-4FC2-B338-0D032526819C}.Release|Any CPU.Build.0 = Release|Any CPU
	EndGlobalSection
	GlobalSection(SolutionProperties) = preSolution
		HideSolutionNode = FALSE
	EndGlobalSection
	GlobalSection(ExtensibilityGlobals) = postSolution
		SolutionGuid = {61007F45-F9BF-4060-9787-C577412AD033}
	EndGlobalSection
EndGlobal
